
Microsoft Visual Studio Solution File, Format Version 12.00
# Visual Studio Version 16
VisualStudioVersion = 16.0.29424.173
MinimumVisualStudioVersion = 10.0.40219.1
Project("{FAE04EC0-301F-11D3-BF4B-00C04F79EFBC}") = "LibraryBookRecommendation", "LibraryBookRecommendation\LibraryBookRecommendation.csproj", "{00F489E0-19BE-4016-87DE-58B411BC1614}"
EndProject
Global
	GlobalSection(SolutionConfigurationPlatforms) = preSolution
		Debug|Any CPU = Debug|Any CPU
		Release|Any CPU = Release|Any CPU
	EndGlobalSection
	GlobalSection(ProjectConfigurationPlatforms) = postSolution
		{00F489E0-19BE-4016-87DE-58B411BC1614}.Debug|Any CPU.ActiveCfg = Debug|Any CPU
		{00F489E0-19BE-4016-87DE-58B411BC1614}.Debug|Any CPU.Build.0 = Debug|Any CPU
		{00F489E0-19BE-4016-87DE-58B411BC1614}.Release|Any CPU.ActiveCfg = Release|Any CPU
		{00F489E0-19BE-4016-87DE-58B411BC1614}.Release|Any CPU.Build.0 = Release|Any CPU
	EndGlobalSection
	GlobalSection(SolutionProperties) = preSolution
		HideSolutionNode = FALSE
	EndGlobalSection
	GlobalSection(ExtensibilityGlobals) = postSolution
		SolutionGuid = {187C5768-D3AA-41FF-89C2-743CB52BB5DA}
	EndGlobalSection
EndGlobal
